
Microsoft Visual Studio Solution File, Format Version 12.00
# Visual Studio 15
VisualStudioVersion = 15.0.26020.0
MinimumVisualStudioVersion = 10.0.40219.1
Project("{9A19103F-16F7-4668-BE54-9A1E7A4F7556}") = "CoreTests", "test\CoreTests\CoreTests.csproj", "{EAC53866-6DBF-40B7-900A-22267FD0634A}"
EndProject
Project("{9A19103F-16F7-4668-BE54-9A1E7A4F7556}") = "CoreIntegrationTests", "test\CoreIntegrationTests\CoreIntegrationTests.csproj", "{836F4635-9B6B-4090-8CDB-9CD9F7BEA829}"
EndProject
Project("{9A19103F-16F7-4668-BE54-9A1E7A4F7556}") = "AspNetCore.Identity.DocumentDB", "src\AspNetCore.Identity.DocumentDB\AspNetCore.Identity.DocumentDB.csproj", "{6DFF5058-E107-459E-87C3-DA41B2C1463C}"
EndProject
Project("{2150E333-8FDC-42A3-9474-1A3956D46DE8}") = "test", "test", "{DD522391-9F7D-4216-99FC-1792CC5D7AC0}"
EndProject
Project("{2150E333-8FDC-42A3-9474-1A3956D46DE8}") = "src", "src", "{96F6B519-1C00-4DBC-8DDF-08D08AA5FA9C}"
EndProject
Project("{2150E333-8FDC-42A3-9474-1A3956D46DE8}") = "Solution Items", "Solution Items", "{24A04FC5-FDFE-4A68-88CB-E7797DA16A16}"
	ProjectSection(SolutionItems) = preProject
		.gitattributes = .gitattributes
		.gitignore = .gitignore
		.travis.yml = .travis.yml
		appveyor.yml = appveyor.yml
		build.bat = build.bat
		global.json = global.json
		LICENSE = LICENSE
		README.md = README.md
	EndProjectSection
EndProject
Global
	GlobalSection(SolutionConfigurationPlatforms) = preSolution
		Debug|Any CPU = Debug|Any CPU
		Release|Any CPU = Release|Any CPU
	EndGlobalSection
	GlobalSection(ProjectConfigurationPlatforms) = postSolution
		{EAC53866-6DBF-40B7-900A-22267FD0634A}.Debug|Any CPU.ActiveCfg = Debug|Any CPU
		{EAC53866-6DBF-40B7-900A-22267FD0634A}.Debug|Any CPU.Build.0 = Debug|Any CPU
		{EAC53866-6DBF-40B7-900A-22267FD0634A}.Release|Any CPU.ActiveCfg = Release|Any CPU
		{EAC53866-6DBF-40B7-900A-22267FD0634A}.Release|Any CPU.Build.0 = Release|Any CPU
		{836F4635-9B6B-4090-8CDB-9CD9F7BEA829}.Debug|Any CPU.ActiveCfg = Debug|Any CPU
		{836F4635-9B6B-4090-8CDB-9CD9F7BEA829}.Debug|Any CPU.Build.0 = Debug|Any CPU
		{836F4635-9B6B-4090-8CDB-9CD9F7BEA829}.Release|Any CPU.ActiveCfg = Release|Any CPU
		{836F4635-9B6B-4090-8CDB-9CD9F7BEA829}.Release|Any CPU.Build.0 = Release|Any CPU
		{6DFF5058-E107-459E-87C3-DA41B2C1463C}.Debug|Any CPU.ActiveCfg = Debug|Any CPU
		{6DFF5058-E107-459E-87C3-DA41B2C1463C}.Debug|Any CPU.Build.0 = Debug|Any CPU
		{6DFF5058-E107-459E-87C3-DA41B2C1463C}.Release|Any CPU.ActiveCfg = Release|Any CPU
		{6DFF5058-E107-459E-87C3-DA41B2C1463C}.Release|Any CPU.Build.0 = Release|Any CPU
	EndGlobalSection
	GlobalSection(SolutionProperties) = preSolution
		HideSolutionNode = FALSE
	EndGlobalSection
	GlobalSection(NestedProjects) = preSolution
		{EAC53866-6DBF-40B7-900A-22267FD0634A} = {DD522391-9F7D-4216-99FC-1792CC5D7AC0}
		{836F4635-9B6B-4090-8CDB-9CD9F7BEA829} = {DD522391-9F7D-4216-99FC-1792CC5D7AC0}
		{6DFF5058-E107-459E-87C3-DA41B2C1463C} = {96F6B519-1C00-4DBC-8DDF-08D08AA5FA9C}
	EndGlobalSection
EndGlobal
